
Microsoft Visual Studio Solution File, Format Version 12.00
# Visual Studio Version 17
VisualStudioVersion = 17.7.34024.191
MinimumVisualStudioVersion = 10.0.40219.1
Project("{9A19103F-16F7-4668-BE54-9A1E7A4F7556}") = "MCSABackend", "MCSA-Backend\MCSABackend.csproj", "{A3F10B91-B3ED-44BE-8FD0-3649979F9945}"
EndProject
Global
	GlobalSection(SolutionConfigurationPlatforms) = preSolution
		Debug|Any CPU = Debug|Any CPU
		Release|Any CPU = Release|Any CPU
	EndGlobalSection
	GlobalSection(ProjectConfigurationPlatforms) = postSolution
		{A3F10B91-B3ED-44BE-8FD0-3649979F9945}.Debug|Any CPU.ActiveCfg = Debug|Any CPU
		{A3F10B91-B3ED-44BE-8FD0-3649979F9945}.Debug|Any CPU.Build.0 = Debug|Any CPU
		{A3F10B91-B3ED-44BE-8FD0-3649979F9945}.Release|Any CPU.ActiveCfg = Release|Any CPU
		{A3F10B91-B3ED-44BE-8FD0-3649979F9945}.Release|Any CPU.Build.0 = Release|Any CPU
	EndGlobalSection
	GlobalSection(SolutionProperties) = preSolution
		HideSolutionNode = FALSE
	EndGlobalSection
	GlobalSection(ExtensibilityGlobals) = postSolution
		SolutionGuid = {8FD095C2-9338-47EA-8819-28A1FBD4C456}
	EndGlobalSection
EndGlobal
