
Microsoft Visual Studio Solution File, Format Version 12.00
# Visual Studio Version 17
VisualStudioVersion = 17.7.34024.191
MinimumVisualStudioVersion = 10.0.40219.1
Project("{FAE04EC0-301F-11D3-BF4B-00C04F79EFBC}") = "ConfigurationService", "ConfigurationService\ConfigurationService.csproj", "{63DE93AA-21A5-418A-AB21-E1A2F35E97D3}"
EndProject
Project("{FAE04EC0-301F-11D3-BF4B-00C04F79EFBC}") = "AuthenticationService", "AuthenticationService\AuthenticationService.csproj", "{793085FF-8D49-43A2-8A2A-DAFF61AB03A5}"
EndProject
Project("{FAE04EC0-301F-11D3-BF4B-00C04F79EFBC}") = "CustomerDataService", "CustomerDataService\CustomerDataService.csproj", "{4BC8CCB9-4EDC-46CF-98F4-B4B48AE99D9C}"
EndProject
Global
	GlobalSection(SolutionConfigurationPlatforms) = preSolution
		Debug|Any CPU = Debug|Any CPU
		Release|Any CPU = Release|Any CPU
	EndGlobalSection
	GlobalSection(ProjectConfigurationPlatforms) = postSolution
		{63DE93AA-21A5-418A-AB21-E1A2F35E97D3}.Debug|Any CPU.ActiveCfg = Debug|Any CPU
		{63DE93AA-21A5-418A-AB21-E1A2F35E97D3}.Debug|Any CPU.Build.0 = Debug|Any CPU
		{63DE93AA-21A5-418A-AB21-E1A2F35E97D3}.Release|Any CPU.ActiveCfg = Release|Any CPU
		{63DE93AA-21A5-418A-AB21-E1A2F35E97D3}.Release|Any CPU.Build.0 = Release|Any CPU
		{793085FF-8D49-43A2-8A2A-DAFF61AB03A5}.Debug|Any CPU.ActiveCfg = Debug|Any CPU
		{793085FF-8D49-43A2-8A2A-DAFF61AB03A5}.Debug|Any CPU.Build.0 = Debug|Any CPU
		{793085FF-8D49-43A2-8A2A-DAFF61AB03A5}.Release|Any CPU.ActiveCfg = Release|Any CPU
		{793085FF-8D49-43A2-8A2A-DAFF61AB03A5}.Release|Any CPU.Build.0 = Release|Any CPU
		{4BC8CCB9-4EDC-46CF-98F4-B4B48AE99D9C}.Debug|Any CPU.ActiveCfg = Debug|Any CPU
		{4BC8CCB9-4EDC-46CF-98F4-B4B48AE99D9C}.Debug|Any CPU.Build.0 = Debug|Any CPU
		{4BC8CCB9-4EDC-46CF-98F4-B4B48AE99D9C}.Release|Any CPU.ActiveCfg = Release|Any CPU
		{4BC8CCB9-4EDC-46CF-98F4-B4B48AE99D9C}.Release|Any CPU.Build.0 = Release|Any CPU
	EndGlobalSection
	GlobalSection(SolutionProperties) = preSolution
		HideSolutionNode = FALSE
	EndGlobalSection
	GlobalSection(ExtensibilityGlobals) = postSolution
		SolutionGuid = {8FD095C2-9338-47EA-8819-28A1FBD4C456}
	EndGlobalSection
EndGlobal
